# THIS IS AN AUTOGENERATED FILE. DO NOT EDIT THIS FILE DIRECTLY.
# yarn lockfile v1


"@floating-ui/core@^1.2.6":
  version "1.6.9"
  resolved "https://registry.yarnpkg.com/@floating-ui/core/-/core-1.6.9.tgz#64d1da251433019dafa091de9b2886ff35ec14e6"
  integrity sha512-uMXCuQ3BItDUbAMhIXw7UPXRfAlOAvZzdK9BWpE60MCn+Svt3aLn9jsPTi/WNGlRUu2uI0v5S7JiIUsbsvh3fw==
  dependencies:
    "@floating-ui/utils" "^0.2.9"

"@floating-ui/dom@1.2.8":
  version "1.2.8"
  resolved "https://registry.yarnpkg.com/@floating-ui/dom/-/dom-1.2.8.tgz#aee0f6ccc0787ab8fe741487a6e5e95b7b125375"
  integrity sha512-XLwhYV90MxiHDq6S0rzFZj00fnDM+A1R9jhSioZoMsa7G0Q0i+Q4x40ajR8FHSdYDE1bgjG45mIWe6jtv9UPmg==
  dependencies:
    "@floating-ui/core" "^1.2.6"

"@floating-ui/utils@^0.2.9":
  version "0.2.9"
  resolved "https://registry.yarnpkg.com/@floating-ui/utils/-/utils-0.2.9.tgz#50dea3616bc8191fb8e112283b49eaff03e78429"
  integrity sha512-MDWhGtE+eHw5JW7lq4qhc5yRLS11ERl1c7Z6Xd0a58DozHES6EnNNwUWbMiG4J9Cgj053Bhk8zvlhFYKVhULwg==

"@stitches/core@1.2.8":
  version "1.2.8"
  resolved "https://registry.yarnpkg.com/@stitches/core/-/core-1.2.8.tgz#dce3b8fdc764fbc6dbea30c83b73bfb52cf96173"
  integrity sha512-Gfkvwk9o9kE9r9XNBmJRfV8zONvXThnm1tcuojL04Uy5uRyqg93DC83lDebl0rocZCfKSjUv+fWYtMQmEDJldg==

"@svelteuidev/composables@^0.15.7":
  version "0.15.7"
  resolved "https://registry.yarnpkg.com/@svelteuidev/composables/-/composables-0.15.7.tgz#0e97b0c387d27bc311d1ca0ce5236fd2390b3642"
  integrity sha512-tVA+0bNtsYsJqlpNx9ZArzHFBJYfoKM+nspkv+wzOx40HsCg33MutqNexOvrMYSj5/tSxxBefLQKdwNumErF6Q==

"@svelteuidev/core@^0.15.7":
  version "0.15.7"
  resolved "https://registry.yarnpkg.com/@svelteuidev/core/-/core-0.15.7.tgz#32ef178ec9cbe4306863c3093e299a95e41a3615"
  integrity sha512-lTUjQdGhiNK5as3mBZgsixNsgH/RcwhGdSQpc7wNEASkgJSyPsv2hiak/m4a78pDJ3owrRAWbURu17hE9eF/tw==
  dependencies:
    "@floating-ui/dom" "1.2.8"
    "@stitches/core" "1.2.8"
